
Microsoft Visual Studio Solution File, Format Version 12.00
# Visual Studio Version 17
VisualStudioVersion = 17.10.35122.118
MinimumVisualStudioVersion = 10.0.40219.1
Project("{FAE04EC0-301F-11D3-BF4B-00C04F79EFBC}") = "WebApplication1", "WebApplication1\WebApplication1.csproj", "{7B425F52-AD87-42E9-98FA-69E79081D222}"
EndProject
Global
	GlobalSection(SolutionConfigurationPlatforms) = preSolution
		Debug|Any CPU = Debug|Any CPU
		Release|Any CPU = Release|Any CPU
	EndGlobalSection
	GlobalSection(ProjectConfigurationPlatforms) = postSolution
		{7B425F52-AD87-42E9-98FA-69E79081D222}.Debug|Any CPU.ActiveCfg = Debug|Any CPU
		{7B425F52-AD87-42E9-98FA-69E79081D222}.Debug|Any CPU.Build.0 = Debug|Any CPU
		{7B425F52-AD87-42E9-98FA-69E79081D222}.Release|Any CPU.ActiveCfg = Release|Any CPU
		{7B425F52-AD87-42E9-98FA-69E79081D222}.Release|Any CPU.Build.0 = Release|Any CPU
	EndGlobalSection
	GlobalSection(SolutionProperties) = preSolution
		HideSolutionNode = FALSE
	EndGlobalSection
	GlobalSection(ExtensibilityGlobals) = postSolution
		SolutionGuid = {1F71F55B-5DF5-45AE-8FD1-D62268B29BD2}
	EndGlobalSection
EndGlobal
